
Microsoft Visual Studio Solution File, Format Version 12.00
# Visual Studio Version 17
VisualStudioVersion = 17.4.33213.308
MinimumVisualStudioVersion = 10.0.40219.1
Project("{FAE04EC0-301F-11D3-BF4B-00C04F79EFBC}") = "ekzamen", "ekzamen.csproj", "{9CE9E87D-E8DD-4FD4-8DDC-0F3A10B03376}"
EndProject
Global
	GlobalSection(SolutionConfigurationPlatforms) = preSolution
		Debug|Any CPU = Debug|Any CPU
		Release|Any CPU = Release|Any CPU
	EndGlobalSection
	GlobalSection(ProjectConfigurationPlatforms) = postSolution
		{9CE9E87D-E8DD-4FD4-8DDC-0F3A10B03376}.Debug|Any CPU.ActiveCfg = Debug|Any CPU
		{9CE9E87D-E8DD-4FD4-8DDC-0F3A10B03376}.Debug|Any CPU.Build.0 = Debug|Any CPU
		{9CE9E87D-E8DD-4FD4-8DDC-0F3A10B03376}.Release|Any CPU.ActiveCfg = Release|Any CPU
		{9CE9E87D-E8DD-4FD4-8DDC-0F3A10B03376}.Release|Any CPU.Build.0 = Release|Any CPU
	EndGlobalSection
	GlobalSection(SolutionProperties) = preSolution
		HideSolutionNode = FALSE
	EndGlobalSection
	GlobalSection(ExtensibilityGlobals) = postSolution
		SolutionGuid = {89BD34ED-58EC-4848-B4E9-6597F7D4BBE2}
	EndGlobalSection
EndGlobal
